// !$*UTF8*$!
{
	archiveVersion = 1;
	classes = {
	};
	objectVersion = 46;
	objects = {

/* Begin PBXBuildFile section */
		BC50A13C1F117FB3009BD750 /* AppDelegate.swift in Sources */ = {isa = PBXBuildFile; fileRef = BC50A13B1F117FB3009BD750 /* AppDelegate.swift */; };
		BC50A13E1F117FB3009BD750 /* ViewController.swift in Sources */ = {isa = PBXBuildFile; fileRef = BC50A13D1F117FB3009BD750 /* ViewController.swift */; };
		BC50A1411F117FB3009BD750 /* Main.storyboard in Resources */ = {isa = PBXBuildFile; fileRef = BC50A13F1F117FB3009BD750 /* Main.storyboard */; };
		BC50A1431F117FB3009BD750 /* Assets.xcassets in Resources */ = {isa = PBXBuildFile; fileRef = BC50A1421F117FB3009BD750 /* Assets.xcassets */; };
		BC50A1461F117FB3009BD750 /* LaunchScreen.storyboard in Resources */ = {isa = PBXBuildFile; fileRef = BC50A1441F117FB3009BD750 /* LaunchScreen.storyboard */; };
		BC50A1511F117FB3009BD750 /* WordPlayTests.swift in Sources */ = {isa = PBXBuildFile; fileRef = BC50A1501F117FB3009BD750 /* WordPlayTests.swift */; };
		BC50A15C1F117FB3009BD750 /* WordPlayUITests.swift in Sources */ = {isa = PBXBuildFile; fileRef = BC50A15B1F117FB3009BD750 /* WordPlayUITests.swift */; };
		BC50A16A1F119802009BD750 /* ReceiverVC.swift in Sources */ = {isa = PBXBuildFile; fileRef = BC50A1691F119802009BD750 /* ReceiverVC.swift */; };
/* End PBXBuildFile section */

/* Begin PBXContainerItemProxy section */
		BC50A14D1F117FB3009BD750 /* PBXContainerItemProxy */ = {
			isa = PBXContainerItemProxy;
			containerPortal = BC50A1301F117FB3009BD750 /* Project object */;
			proxyType = 1;
			remoteGlobalIDString = BC50A1371F117FB3009BD750;
			remoteInfo = WordPlay;
		};
		BC50A1581F117FB3009BD750 /* PBXContainerItemProxy */ = {
			isa = PBXContainerItemProxy;
			containerPortal = BC50A1301F117FB3009BD750 /* Project object */;
			proxyType = 1;
			remoteGlobalIDString = BC50A1371F117FB3009BD750;
			remoteInfo = WordPlay;
		};
/* End PBXContainerItemProxy section */

/* Begin PBXFileReference section */
		BC50A1381F117FB3009BD750 /* WordPlay.app */ = {isa = PBXFileReference; explicitFileType = wrapper.application; includeInIndex = 0; path = WordPlay.app; sourceTree = BUILT_PRODUCTS_DIR; };
		BC50A13B1F117FB3009BD750 /* AppDelegate.swift */ = {isa = PBXFileReference; lastKnownFileType = sourcecode.swift; path = AppDelegate.swift; sourceTree = "<group>"; };
		BC50A13D1F117FB3009BD750 /* ViewController.swift */ = {isa = PBXFileReference; lastKnownFileType = sourcecode.swift; path = ViewController.swift; sourceTree = "<group>"; };
		BC50A1401F117FB3009BD750 /* Base */ = {isa = PBXFileReference; lastKnownFileType = file.storyboard; name = Base; path = Base.lproj/Main.storyboard; sourceTree = "<group>"; };
		BC50A1421F117FB3009BD750 /* Assets.xcassets */ = {isa = PBXFileReference; lastKnownFileType = folder.assetcatalog; path = Assets.xcassets; sourceTree = "<group>"; };
		BC50A1451F117FB3009BD750 /* Base */ = {isa = PBXFileReference; lastKnownFileType = file.storyboard; name = Base; path = Base.lproj/LaunchScreen.storyboard; sourceTree = "<group>"; };
		BC50A1471F117FB3009BD750 /* Info.plist */ = {isa = PBXFileReference; lastKnownFileType = text.plist.xml; path = Info.plist; sourceTree = "<group>"; };
		BC50A14C1F117FB3009BD750 /* WordPlayTests.xctest */ = {isa = PBXFileReference; explicitFileType = wrapper.cfbundle; includeInIndex = 0; path = WordPlayTests.xctest; sourceTree = BUILT_PRODUCTS_DIR; };
		BC50A1501F117FB3009BD750 /* WordPlayTests.swift */ = {isa = PBXFileReference; lastKnownFileType = sourcecode.swift; path = WordPlayTests.swift; sourceTree = "<group>"; };
		BC50A1521F117FB3009BD750 /* Info.plist */ = {isa = PBXFileReference; lastKnownFileType = text.plist.xml; path = Info.plist; sourceTree = "<group>"; };
		BC50A1571F117FB3009BD750 /* WordPlayUITests.xctest */ = {isa = PBXFileReference; explicitFileType = wrapper.cfbundle; includeInIndex = 0; path = WordPlayUITests.xctest; sourceTree = BUILT_PRODUCTS_DIR; };
		BC50A15B1F117FB3009BD750 /* WordPlayUITests.swift */ = {isa = PBXFileReference; lastKnownFileType = sourcecode.swift; path = WordPlayUITests.swift; sourceTree = "<group>"; };
		BC50A15D1F117FB3009BD750 /* Info.plist */ = {isa = PBXFileReference; lastKnownFileType = text.plist.xml; path = Info.plist; sourceTree = "<group>"; };
		BC50A1691F119802009BD750 /* ReceiverVC.swift */ = {isa = PBXFileReference; fileEncoding = 4; lastKnownFileType = sourcecode.swift; path = ReceiverVC.swift; sourceTree = "<group>"; };
/* End PBXFileReference section */

/* Begin PBXFrameworksBuildPhase section */
		BC50A1351F117FB3009BD750 /* Frameworks */ = {
			isa = PBXFrameworksBuildPhase;
			buildActionMask = 2147483647;
			files = (
			);
			runOnlyForDeploymentPostprocessing = 0;
		};
		BC50A1491F117FB3009BD750 /* Frameworks */ = {
			isa = PBXFrameworksBuildPhase;
			buildActionMask = 2147483647;
			files = (
			);
			runOnlyForDeploymentPostprocessing = 0;
		};
		BC50A1541F117FB3009BD750 /* Frameworks */ = {
			isa = PBXFrameworksBuildPhase;
			buildActionMask = 2147483647;
			files = (
			);
			runOnlyForDeploymentPostprocessing = 0;
		};
/* End PBXFrameworksBuildPhase section */

/* Begin PBXGroup section */
		BC50A12F1F117FB3009BD750 = {
			isa = PBXGroup;
			children = (
				BC50A13A1F117FB3009BD750 /* WordPlay */,
				BC50A14F1F117FB3009BD750 /* WordPlayTests */,
				BC50A15A1F117FB3009BD750 /* WordPlayUITests */,
				BC50A1391F117FB3009BD750 /* Products */,
			);
			sourceTree = "<group>";
		};
		BC50A1391F117FB3009BD750 /* Products */ = {
			isa = PBXGroup;
			children = (
				BC50A1381F117FB3009BD750 /* WordPlay.app */,
				BC50A14C1F117FB3009BD750 /* WordPlayTests.xctest */,
				BC50A1571F117FB3009BD750 /* WordPlayUITests.xctest */,
			);
			name = Products;
			sourceTree = "<group>";
		};
		BC50A13A1F117FB3009BD750 /* WordPlay */ = {
			isa = PBXGroup;
			children = (
				BC50A13B1F117FB3009BD750 /* AppDelegate.swift */,
				BC50A13D1F117FB3009BD750 /* ViewController.swift */,
				BC50A13F1F117FB3009BD750 /* Main.storyboard */,
				BC50A1421F117FB3009BD750 /* Assets.xcassets */,
				BC50A1441F117FB3009BD750 /* LaunchScreen.storyboard */,
				BC50A1471F117FB3009BD750 /* Info.plist */,
				BC50A1691F119802009BD750 /* ReceiverVC.swift */,
			);
			path = WordPlay;
			sourceTree = "<group>";
		};
		BC50A14F1F117FB3009BD750 /* WordPlayTests */ = {
			isa = PBXGroup;
			children = (
				BC50A1501F117FB3009BD750 /* WordPlayTests.swift */,
				BC50A1521F117FB3009BD750 /* Info.plist */,
			);
			path = WordPlayTests;
			sourceTree = "<group>";
		};
		BC50A15A1F117FB3009BD750 /* WordPlayUITests */ = {
			isa = PBXGroup;
			children = (
				BC50A15B1F117FB3009BD750 /* WordPlayUITests.swift */,
				BC50A15D1F117FB3009BD750 /* Info.plist */,
			);
			path = WordPlayUITests;
			sourceTree = "<group>";
		};
/* End PBXGroup section */

/* Begin PBXNativeTarget section */
		BC50A1371F117FB3009BD750 /* WordPlay */ = {
			isa = PBXNativeTarget;
			buildConfigurationList = BC50A1601F117FB3009BD750 /* Build configuration list for PBXNativeTarget "WordPlay" */;
			buildPhases = (
				BC50A1341F117FB3009BD750 /* Sources */,
				BC50A1351F117FB3009BD750 /* Frameworks */,
				BC50A1361F117FB3009BD750 /* Resources */,
			);
			buildRules = (
			);
			dependencies = (
			);
			name = WordPlay;
			productName = WordPlay;
			productReference = BC50A1381F117FB3009BD750 /* WordPlay.app */;
			productType = "com.apple.product-type.application";
		};
		BC50A14B1F117FB3009BD750 /* WordPlayTests */ = {
			isa = PBXNativeTarget;
			buildConfigurationList = BC50A1631F117FB3009BD750 /* Build configuration list for PBXNativeTarget "WordPlayTests" */;
			buildPhases = (
				BC50A1481F117FB3009BD750 /* Sources */,
				BC50A1491F117FB3009BD750 /* Frameworks */,
				BC50A14A1F117FB3009BD750 /* Resources */,
			);
			buildRules = (
			);
			dependencies = (
				BC50A14E1F117FB3009BD750 /* PBXTargetDependency */,
			);
			name = WordPlayTests;
			productName = WordPlayTests;
			productReference = BC50A14C1F117FB3009BD750 /* WordPlayTests.xctest */;
			productType = "com.apple.product-type.bundle.unit-test";
		};
		BC50A1561F117FB3009BD750 /* WordPlayUITests */ = {
			isa = PBXNativeTarget;
			buildConfigurationList = BC50A1661F117FB3009BD750 /* Build configuration list for PBXNativeTarget "WordPlayUITests" */;
			buildPhases = (
				BC50A1531F117FB3009BD750 /* Sources */,
				BC50A1541F117FB3009BD750 /* Frameworks */,
				BC50A1551F117FB3009BD750 /* Resources */,
			);
			buildRules = (
			);
			dependencies = (
				BC50A1591F117FB3009BD750 /* PBXTargetDependency */,
			);
			name = WordPlayUITests;
			productName = WordPlayUITests;
			productReference = BC50A1571F117FB3009BD750 /* WordPlayUITests.xctest */;
			productType = "com.apple.product-type.bundle.ui-testing";
		};
/* End PBXNativeTarget section */

/* Begin PBXProject section */
		BC50A1301F117FB3009BD750 /* Project object */ = {
			isa = PBXProject;
			attributes = {
				LastSwiftUpdateCheck = 0830;
				LastUpgradeCheck = 0830;
				ORGANIZATIONNAME = "David Kirson";
				TargetAttributes = {
					BC50A1371F117FB3009BD750 = {
						CreatedOnToolsVersion = 8.3.3;
						DevelopmentTeam = R74NPTK23H;
						ProvisioningStyle = Automatic;
					};
					BC50A14B1F117FB3009BD750 = {
						CreatedOnToolsVersion = 8.3.3;
						ProvisioningStyle = Automatic;
						TestTargetID = BC50A1371F117FB3009BD750;
					};
					BC50A1561F117FB3009BD750 = {
						CreatedOnToolsVersion = 8.3.3;
						ProvisioningStyle = Automatic;
						TestTargetID = BC50A1371F117FB3009BD750;
					};
				};
			};
			buildConfigurationList = BC50A1331F117FB3009BD750 /* Build configuration list for PBXProject "WordPlay" */;
			compatibilityVersion = "Xcode 3.2";
			developmentRegion = English;
			hasScannedForEncodings = 0;
			knownRegions = (
				en,
				Base,
			);
			mainGroup = BC50A12F1F117FB3009BD750;
			productRefGroup = BC50A1391F117FB3009BD750 /* Products */;
			projectDirPath = "";
			projectRoot = "";
			targets = (
				BC50A1371F117FB3009BD750 /* WordPlay */,
				BC50A14B1F117FB3009BD750 /* WordPlayTests */,
				BC50A1561F117FB3009BD750 /* WordPlayUITests */,
			);
		};
/* End PBXProject section */

/* Begin PBXResourcesBuildPhase section */
		BC50A1361F117FB3009BD750 /* Resources */ = {
			isa = PBXResourcesBuildPhase;
			buildActionMask = 2147483647;
			files = (
				BC50A1461F117FB3009BD750 /* LaunchScreen.storyboard in Resources */,
				BC50A1431F117FB3009BD750 /* Assets.xcassets in Resources */,
				BC50A1411F117FB3009BD750 /* Main.storyboard in Resources */,
			);
			runOnlyForDeploymentPostprocessing = 0;
		};
		BC50A14A1F117FB3009BD750 /* Resources */ = {
			isa = PBXResourcesBuildPhase;
			buildActionMask = 2147483647;
			files = (
			);
			runOnlyForDeploymentPostprocessing = 0;
		};
		BC50A1551F117FB3009BD750 /* Resources */ = {
			isa = PBXResourcesBuildPhase;
			buildActionMask = 2147483647;
			files = (
			);
			runOnlyForDeploymentPostprocessing = 0;
		};
/* End PBXResourcesBuildPhase section */

/* Begin PBXSourcesBuildPhase section */
		BC50A1341F117FB3009BD750 /* Sources */ = {
			isa = PBXSourcesBuildPhase;
			buildActionMask = 2147483647;
			files = (
				BC50A13E1F117FB3009BD750 /* ViewController.swift in Sources */,
				BC50A16A1F119802009BD750 /* ReceiverVC.swift in Sources */,
				BC50A13C1F117FB3009BD750 /* AppDelegate.swift in Sources */,
			);
			runOnlyForDeploymentPostprocessing = 0;
		};
		BC50A1481F117FB3009BD750 /* Sources */ = {
			isa = PBXSourcesBuildPhase;
			buildActionMask = 2147483647;
			files = (
				BC50A1511F117FB3009BD750 /* WordPlayTests.swift in Sources */,
			);
			runOnlyForDeploymentPostprocessing = 0;
		};
		BC50A1531F117FB3009BD750 /* Sources */ = {
			isa = PBXSourcesBuildPhase;
			buildActionMask = 2147483647;
			files = (
				BC50A15C1F117FB3009BD750 /* WordPlayUITests.swift in Sources */,
			);
			runOnlyForDeploymentPostprocessing = 0;
		};
/* End PBXSourcesBuildPhase section */

/* Begin PBXTargetDependency section */
		BC50A14E1F117FB3009BD750 /* PBXTargetDependency */ = {
			isa = PBXTargetDependency;
			target = BC50A1371F117FB3009BD750 /* WordPlay */;
			targetProxy = BC50A14D1F117FB3009BD750 /* PBXContainerItemProxy */;
		};
		BC50A1591F117FB3009BD750 /* PBXTargetDependency */ = {
			isa = PBXTargetDependency;
			target = BC50A1371F117FB3009BD750 /* WordPlay */;
			targetProxy = BC50A1581F117FB3009BD750 /* PBXContainerItemProxy */;
		};
/* End PBXTargetDependency section */

/* Begin PBXVariantGroup section */
		BC50A13F1F117FB3009BD750 /* Main.storyboard */ = {
			isa = PBXVariantGroup;
			children = (
				BC50A1401F117FB3009BD750 /* Base */,
			);
			name = Main.storyboard;
			sourceTree = "<group>";
		};
		BC50A1441F117FB3009BD750 /* LaunchScreen.storyboard */ = {
			isa = PBXVariantGroup;
			children = (
				BC50A1451F117FB3009BD750 /* Base */,
			);
			name = LaunchScreen.storyboard;
			sourceTree = "<group>";
		};
/* End PBXVariantGroup section */

/* Begin XCBuildConfiguration section */
		BC50A15E1F117FB3009BD750 /* Debug */ = {
			isa = XCBuildConfiguration;
			buildSettings = {
				ALWAYS_SEARCH_USER_PATHS = NO;
				CLANG_ANALYZER_NONNULL = YES;
				CLANG_ANALYZER_NUMBER_OBJECT_CONVERSION = YES_AGGRESSIVE;
				CLANG_CXX_LANGUAGE_STANDARD = "gnu++0x";
				CLANG_CXX_LIBRARY = "libc++";
				CLANG_ENABLE_MODULES = YES;
				CLANG_ENABLE_OBJC_ARC = YES;
				CLANG_WARN_BOOL_CONVERSION = YES;
				CLANG_WARN_CONSTANT_CONVERSION = YES;
				CLANG_WARN_DIRECT_OBJC_ISA_USAGE = YES_ERROR;
				CLANG_WARN_DOCUMENTATION_COMMENTS = YES;
				CLANG_WARN_EMPTY_BODY = YES;
				CLANG_WARN_ENUM_CONVERSION = YES;
				CLANG_WARN_INFINITE_RECURSION = YES;
				CLANG_WARN_INT_CONVERSION = YES;
				CLANG_WARN_OBJC_ROOT_CLASS = YES_ERROR;
				CLANG_WARN_SUSPICIOUS_MOVE = YES;
				CLANG_WARN_UNREACHABLE_CODE = YES;
				CLANG_WARN__DUPLICATE_METHOD_MATCH = YES;
				"CODE_SIGN_IDENTITY[sdk=iphoneos*]" = "iPhone Developer";
				COPY_PHASE_STRIP = NO;
				DEBUG_INFORMATION_FORMAT = dwarf;
				ENABLE_STRICT_OBJC_MSGSEND = YES;
				ENABLE_TESTABILITY = YES;
				GCC_C_LANGUAGE_STANDARD = gnu99;
				GCC_DYNAMIC_NO_PIC = NO;
				GCC_NO_COMMON_BLOCKS = YES;
				GCC_OPTIMIZATION_LEVEL = 0;
				GCC_PREPROCESSOR_DEFINITIONS = (
					"DEBUG=1",
					"$(inherited)",
				);
				GCC_WARN_64_TO_32_BIT_CONVERSION = YES;
				GCC_WARN_ABOUT_RETURN_TYPE = YES_ERROR;
				GCC_WARN_UNDECLARED_SELECTOR = YES;
				GCC_WARN_UNINITIALIZED_AUTOS = YES_AGGRESSIVE;
				GCC_WARN_UNUSED_FUNCTION = YES;
				GCC_WARN_UNUSED_VARIABLE = YES;
				IPHONEOS_DEPLOYMENT_TARGET = 10.3;
				MTL_ENABLE_DEBUG_INFO = YES;
				ONLY_ACTIVE_ARCH = YES;
				SDKROOT = iphoneos;
				SWIFT_ACTIVE_COMPILATION_CONDITIONS = DEBUG;
				SWIFT_OPTIMIZATION_LEVEL = "-Onone";
				TARGETED_DEVICE_FAMILY = "1,2";
			};
			name = Debug;
		};
		BC50A15F1F117FB3009BD750 /* Release */ = {
			isa = XCBuildConfiguration;
			buildSettings = {
				ALWAYS_SEARCH_USER_PATHS = NO;
				CLANG_ANALYZER_NONNULL = YES;
				CLANG_ANALYZER_NUMBER_OBJECT_CONVERSION = YES_AGGRESSIVE;
				CLANG_CXX_LANGUAGE_STANDARD = "gnu++0x";
				CLANG_CXX_LIBRARY = "libc++";
				CLANG_ENABLE_MODULES = YES;
				CLANG_ENABLE_OBJC_ARC = YES;
				CLANG_WARN_BOOL_CONVERSION = YES;
				CLANG_WARN_CONSTANT_CONVERSION = YES;
				CLANG_WARN_DIRECT_OBJC_ISA_USAGE = YES_ERROR;
				CLANG_WARN_DOCUMENTATION_COMMENTS = YES;
				CLANG_WARN_EMPTY_BODY = YES;
				CLANG_WARN_ENUM_CONVERSION = YES;
				CLANG_WARN_INFINITE_RECURSION = YES;
				CLANG_WARN_INT_CONVERSION = YES;
				CLANG_WARN_OBJC_ROOT_CLASS = YES_ERROR;
				CLANG_WARN_SUSPICIOUS_MOVE = YES;
				CLANG_WARN_UNREACHABLE_CODE = YES;
				CLANG_WARN__DUPLICATE_METHOD_MATCH = YES;
				"CODE_SIGN_IDENTITY[sdk=iphoneos*]" = "iPhone Developer";
				COPY_PHASE_STRIP = NO;
				DEBUG_INFORMATION_FORMAT = "dwarf-with-dsym";
				ENABLE_NS_ASSERTIONS = NO;
				ENABLE_STRICT_OBJC_MSGSEND = YES;
				GCC_C_LANGUAGE_STANDARD = gnu99;
				GCC_NO_COMMON_BLOCKS = YES;
				GCC_WARN_64_TO_32_BIT_CONVERSION = YES;
				GCC_WARN_ABOUT_RETURN_TYPE = YES_ERROR;
				GCC_WARN_UNDECLARED_SELECTOR = YES;
				GCC_WARN_UNINITIALIZED_AUTOS = YES_AGGRESSIVE;
				GCC_WARN_UNUSED_FUNCTION = YES;
				GCC_WARN_UNUSED_VARIABLE = YES;
				IPHONEOS_DEPLOYMENT_TARGET = 10.3;
				MTL_ENABLE_DEBUG_INFO = NO;
				SDKROOT = iphoneos;
				SWIFT_OPTIMIZATION_LEVEL = "-Owholemodule";
				TARGETED_DEVICE_FAMILY = "1,2";
				VALIDATE_PRODUCT = YES;
			};
			name = Release;
		};
		BC50A1611F117FB3009BD750 /* Debug */ = {
			isa = XCBuildConfiguration;
			buildSettings = {
				ASSETCATALOG_COMPILER_APPICON_NAME = AppIcon;
				DEVELOPMENT_TEAM = R74NPTK23H;
				INFOPLIST_FILE = WordPlay/Info.plist;
				LD_RUNPATH_SEARCH_PATHS = "$(inherited) @executable_path/Frameworks";
				PRODUCT_BUNDLE_IDENTIFIER = DWK.WordPlay;
				PRODUCT_NAME = "$(TARGET_NAME)";
				SWIFT_VERSION = 3.0;
			};
			name = Debug;
		};
		BC50A1621F117FB3009BD750 /* Release */ = {
			isa = XCBuildConfiguration;
			buildSettings = {
				ASSETCATALOG_COMPILER_APPICON_NAME = AppIcon;
				DEVELOPMENT_TEAM = R74NPTK23H;
				INFOPLIST_FILE = WordPlay/Info.plist;
				LD_RUNPATH_SEARCH_PATHS = "$(inherited) @executable_path/Frameworks";
				PRODUCT_BUNDLE_IDENTIFIER = DWK.WordPlay;
				PRODUCT_NAME = "$(TARGET_NAME)";
				SWIFT_VERSION = 3.0;
			};
			name = Release;
		};
		BC50A1641F117FB3009BD750 /* Debug */ = {
			isa = XCBuildConfiguration;
			buildSettings = {
				ALWAYS_EMBED_SWIFT_STANDARD_LIBRARIES = YES;
				BUNDLE_LOADER = "$(TEST_HOST)";
				INFOPLIST_FILE = WordPlayTests/Info.plist;
				LD_RUNPATH_SEARCH_PATHS = "$(inherited) @executable_path/Frameworks @loader_path/Frameworks";
				PRODUCT_BUNDLE_IDENTIFIER = DWK.WordPlayTests;
				PRODUCT_NAME = "$(TARGET_NAME)";
				SWIFT_VERSION = 3.0;
				TEST_HOST = "$(BUILT_PRODUCTS_DIR)/WordPlay.app/WordPlay";
			};
			name = Debug;
		};
		BC50A1651F117FB3009BD750 /* Release */ = {
			isa = XCBuildConfiguration;
			buildSettings = {
				ALWAYS_EMBED_SWIFT_STANDARD_LIBRARIES = YES;
				BUNDLE_LOADER = "$(TEST_HOST)";
				INFOPLIST_FILE = WordPlayTests/Info.plist;
				LD_RUNPATH_SEARCH_PATHS = "$(inherited) @executable_path/Frameworks @loader_path/Frameworks";
				PRODUCT_BUNDLE_IDENTIFIER = DWK.WordPlayTests;
				PRODUCT_NAME = "$(TARGET_NAME)";
				SWIFT_VERSION = 3.0;
				TEST_HOST = "$(BUILT_PRODUCTS_DIR)/WordPlay.app/WordPlay";
			};
			name = Release;
		};
		BC50A1671F117FB3009BD750 /* Debug */ = {
			isa = XCBuildConfiguration;
			buildSettings = {
				ALWAYS_EMBED_SWIFT_STANDARD_LIBRARIES = YES;
				INFOPLIST_FILE = WordPlayUITests/Info.plist;
				LD_RUNPATH_SEARCH_PATHS = "$(inherited) @executable_path/Frameworks @loader_path/Frameworks";
				PRODUCT_BUNDLE_IDENTIFIER = DWK.WordPlayUITests;
				PRODUCT_NAME = "$(TARGET_NAME)";
				SWIFT_VERSION = 3.0;
				TEST_TARGET_NAME = WordPlay;
			};
			name = Debug;
		};
		BC50A1681F117FB3009BD750 /* Release */ = {
			isa = XCBuildConfiguration;
			buildSettings = {
				ALWAYS_EMBED_SWIFT_STANDARD_LIBRARIES = YES;
				INFOPLIST_FILE = WordPlayUITests/Info.plist;
				LD_RUNPATH_SEARCH_PATHS = "$(inherited) @executable_path/Frameworks @loader_path/Frameworks";
				PRODUCT_BUNDLE_IDENTIFIER = DWK.WordPlayUITests;
				PRODUCT_NAME = "$(TARGET_NAME)";
				SWIFT_VERSION = 3.0;
				TEST_TARGET_NAME = WordPlay;
			};
			name = Release;
		};
/* End XCBuildConfiguration section */

/* Begin XCConfigurationList section */
		BC50A1331F117FB3009BD750 /* Build configuration list for PBXProject "WordPlay" */ = {
			isa = XCConfigurationList;
			buildConfigurations = (
				BC50A15E1F117FB3009BD750 /* Debug */,
				BC50A15F1F117FB3009BD750 /* Release */,
			);
			defaultConfigurationIsVisible = 0;
			defaultConfigurationName = Release;
		};
		BC50A1601F117FB3009BD750 /* Build configuration list for PBXNativeTarget "WordPlay" */ = {
			isa = XCConfigurationList;
			buildConfigurations = (
				BC50A1611F117FB3009BD750 /* Debug */,
				BC50A1621F117FB3009BD750 /* Release */,
			);
			defaultConfigurationIsVisible = 0;
		};
		BC50A1631F117FB3009BD750 /* Build configuration list for PBXNativeTarget "WordPlayTests" */ = {
			isa = XCConfigurationList;
			buildConfigurations = (
				BC50A1641F117FB3009BD750 /* Debug */,
				BC50A1651F117FB3009BD750 /* Release */,
			);
			defaultConfigurationIsVisible = 0;
		};
		BC50A1661F117FB3009BD750 /* Build configuration list for PBXNativeTarget "WordPlayUITests" */ = {
			isa = XCConfigurationList;
			buildConfigurations = (
				BC50A1671F117FB3009BD750 /* Debug */,
				BC50A1681F117FB3009BD750 /* Release */,
			);
			defaultConfigurationIsVisible = 0;
		};
/* End XCConfigurationList section */
	};
	rootObject = BC50A1301F117FB3009BD750 /* Project object */;
}
